
Microsoft Visual Studio Solution File, Format Version 12.00
# Visual Studio Express 2012 for Windows Desktop
Project("{FAE04EC0-301F-11D3-BF4B-00C04F79EFBC}") = "calc", "calc\calc.csproj", "{87B67A13-6EFC-4B61-AA6C-04A9D76F85D2}"
EndProject
Global
	GlobalSection(SolutionConfigurationPlatforms) = preSolution
		Debug|Any CPU = Debug|Any CPU
		Release|Any CPU = Release|Any CPU
	EndGlobalSection
	GlobalSection(ProjectConfigurationPlatforms) = postSolution
		{87B67A13-6EFC-4B61-AA6C-04A9D76F85D2}.Debug|Any CPU.ActiveCfg = Debug|Any CPU
		{87B67A13-6EFC-4B61-AA6C-04A9D76F85D2}.Debug|Any CPU.Build.0 = Debug|Any CPU
		{87B67A13-6EFC-4B61-AA6C-04A9D76F85D2}.Release|Any CPU.ActiveCfg = Release|Any CPU
		{87B67A13-6EFC-4B61-AA6C-04A9D76F85D2}.Release|Any CPU.Build.0 = Release|Any CPU
	EndGlobalSection
	GlobalSection(SolutionProperties) = preSolution
		HideSolutionNode = FALSE
	EndGlobalSection
EndGlobal
